# This file is automatically @generated by Cargo.
# It is not intended for manual editing.
version = 4

[[package]]
name = "oakterm"
version = "0.1.0"

[[package]]
name = "oakterm-a11y"
version = "0.1.0"

[[package]]
name = "oakterm-common"
version = "0.1.0"

[[package]]
name = "oakterm-config"
version = "0.1.0"

[[package]]
name = "oakterm-ctl"
version = "0.1.0"

[[package]]
name = "oakterm-daemon"
version = "0.1.0"

[[package]]
name = "oakterm-protocol"
version = "0.1.0"

[[package]]
name = "oakterm-pty"
version = "0.1.0"

[[package]]
name = "oakterm-renderer"
version = "0.1.0"

[[package]]
name = "oakterm-terminal"
version = "0.1.0"
